
Microsoft Visual Studio Solution File, Format Version 12.00
# Visual Studio Version 16
VisualStudioVersion = 16.0.32126.315
MinimumVisualStudioVersion = 10.0.40219.1
Project("{FAE04EC0-301F-11D3-BF4B-00C04F79EFBC}") = "RR", "RR.csproj", "{1F7E89C1-887B-4BF0-8CBC-6F035C5380C5}"
EndProject
Global
	GlobalSection(SolutionConfigurationPlatforms) = preSolution
		Debug|Any CPU = Debug|Any CPU
		Release|Any CPU = Release|Any CPU
	EndGlobalSection
	GlobalSection(ProjectConfigurationPlatforms) = postSolution
		{1F7E89C1-887B-4BF0-8CBC-6F035C5380C5}.Debug|Any CPU.ActiveCfg = Debug|Any CPU
		{1F7E89C1-887B-4BF0-8CBC-6F035C5380C5}.Debug|Any CPU.Build.0 = Debug|Any CPU
		{1F7E89C1-887B-4BF0-8CBC-6F035C5380C5}.Release|Any CPU.ActiveCfg = Release|Any CPU
		{1F7E89C1-887B-4BF0-8CBC-6F035C5380C5}.Release|Any CPU.Build.0 = Release|Any CPU
	EndGlobalSection
	GlobalSection(SolutionProperties) = preSolution
		HideSolutionNode = FALSE
	EndGlobalSection
	GlobalSection(ExtensibilityGlobals) = postSolution
		SolutionGuid = {1F09C9E8-A7CA-4D7F-BC5D-E7A9E66CB94D}
	EndGlobalSection
EndGlobal
